
Microsoft Visual Studio Solution File, Format Version 12.00
# Visual Studio Version 17
VisualStudioVersion = 17.9.34622.214
MinimumVisualStudioVersion = 10.0.40219.1
Project("{9A19103F-16F7-4668-BE54-9A1E7A4F7556}") = "BuilderPattern", "Builder\BuilderPattern.csproj", "{1F63D5C7-16C0-4E32-A7F4-7631DFE52EE3}"
EndProject
Project("{9A19103F-16F7-4668-BE54-9A1E7A4F7556}") = "VisitorPattern", "VisitorPattern\VisitorPattern.csproj", "{515EB297-13A7-4C8D-B340-DB23F8F2EB68}"
EndProject
Project("{9A19103F-16F7-4668-BE54-9A1E7A4F7556}") = "FrontController", "FrontController\FrontController.csproj", "{7228BE2C-FBB8-4D9E-8DEB-049018AFB220}"
EndProject
Project("{9A19103F-16F7-4668-BE54-9A1E7A4F7556}") = "Reactor", "Reactor\Reactor.csproj", "{52481078-9002-4FB9-91E6-0521FE3AB3B5}"
EndProject
Global
	GlobalSection(SolutionConfigurationPlatforms) = preSolution
		Debug|Any CPU = Debug|Any CPU
		Release|Any CPU = Release|Any CPU
	EndGlobalSection
	GlobalSection(ProjectConfigurationPlatforms) = postSolution
		{1F63D5C7-16C0-4E32-A7F4-7631DFE52EE3}.Debug|Any CPU.ActiveCfg = Debug|Any CPU
		{1F63D5C7-16C0-4E32-A7F4-7631DFE52EE3}.Debug|Any CPU.Build.0 = Debug|Any CPU
		{1F63D5C7-16C0-4E32-A7F4-7631DFE52EE3}.Release|Any CPU.ActiveCfg = Release|Any CPU
		{1F63D5C7-16C0-4E32-A7F4-7631DFE52EE3}.Release|Any CPU.Build.0 = Release|Any CPU
		{515EB297-13A7-4C8D-B340-DB23F8F2EB68}.Debug|Any CPU.ActiveCfg = Debug|Any CPU
		{515EB297-13A7-4C8D-B340-DB23F8F2EB68}.Debug|Any CPU.Build.0 = Debug|Any CPU
		{515EB297-13A7-4C8D-B340-DB23F8F2EB68}.Release|Any CPU.ActiveCfg = Release|Any CPU
		{515EB297-13A7-4C8D-B340-DB23F8F2EB68}.Release|Any CPU.Build.0 = Release|Any CPU
		{7228BE2C-FBB8-4D9E-8DEB-049018AFB220}.Debug|Any CPU.ActiveCfg = Debug|Any CPU
		{7228BE2C-FBB8-4D9E-8DEB-049018AFB220}.Debug|Any CPU.Build.0 = Debug|Any CPU
		{7228BE2C-FBB8-4D9E-8DEB-049018AFB220}.Release|Any CPU.ActiveCfg = Release|Any CPU
		{7228BE2C-FBB8-4D9E-8DEB-049018AFB220}.Release|Any CPU.Build.0 = Release|Any CPU
		{52481078-9002-4FB9-91E6-0521FE3AB3B5}.Debug|Any CPU.ActiveCfg = Debug|Any CPU
		{52481078-9002-4FB9-91E6-0521FE3AB3B5}.Debug|Any CPU.Build.0 = Debug|Any CPU
		{52481078-9002-4FB9-91E6-0521FE3AB3B5}.Release|Any CPU.ActiveCfg = Release|Any CPU
		{52481078-9002-4FB9-91E6-0521FE3AB3B5}.Release|Any CPU.Build.0 = Release|Any CPU
	EndGlobalSection
	GlobalSection(SolutionProperties) = preSolution
		HideSolutionNode = FALSE
	EndGlobalSection
	GlobalSection(ExtensibilityGlobals) = postSolution
		SolutionGuid = {36CFDCB9-1384-48C6-BD7D-E82F451F489E}
	EndGlobalSection
EndGlobal
